
Microsoft Visual Studio Solution File, Format Version 12.00
# Visual Studio Version 17
VisualStudioVersion = 17.9.34714.143
MinimumVisualStudioVersion = 10.0.40219.1
Project("{9A19103F-16F7-4668-BE54-9A1E7A4F7556}") = "PolarisContacts", "PolarisContacts\PolarisContacts.csproj", "{6C539820-DB7E-4763-B95E-BBF994B2FE63}"
EndProject
Project("{9A19103F-16F7-4668-BE54-9A1E7A4F7556}") = "PolarisContacts.Application", "PolarisContacts.Application\PolarisContacts.Application.csproj", "{82492E8D-B94F-4864-9062-3C91F875809D}"
EndProject
Project("{9A19103F-16F7-4668-BE54-9A1E7A4F7556}") = "PolarisContacts.Infrastructure", "PolarisContacts.Infrastructure\PolarisContacts.Infrastructure.csproj", "{2CB33F62-0E64-42E5-AB03-20303E80E151}"
EndProject
Project("{9A19103F-16F7-4668-BE54-9A1E7A4F7556}") = "PolarisContacts.Domain", "PolarisContacts.Domain\PolarisContacts.Domain.csproj", "{591284CC-7E0B-422D-BCB7-7CF035A45745}"
EndProject
Project("{9A19103F-16F7-4668-BE54-9A1E7A4F7556}") = "PolarisContacts.TST", "PolarisContacts.TST\PolarisContacts.TST.csproj", "{E2429D9B-8E22-4F01-93AE-06CB958F7DD4}"
EndProject
Project("{2150E333-8FDC-42A3-9474-1A3956D46DE8}") = "src", "src", "{DD9BC4B0-2D54-42DE-80A7-6391E385C326}"
EndProject
Project("{2150E333-8FDC-42A3-9474-1A3956D46DE8}") = "test", "test", "{949A517E-EB60-44F0-BECB-CF9CA3F06FD2}"
EndProject
Project("{FAE04EC0-301F-11D3-BF4B-00C04F79EFBC}") = "PolarisContacts.CrossCutting.DependencyInjection", "PolarisContacts.CrossCutting.DependencyInjection\PolarisContacts.CrossCutting.DependencyInjection.csproj", "{58CC7697-B0EC-4C1C-B180-5F8EFF9AD31B}"
EndProject
Global
	GlobalSection(SolutionConfigurationPlatforms) = preSolution
		Debug|Any CPU = Debug|Any CPU
		Release|Any CPU = Release|Any CPU
	EndGlobalSection
	GlobalSection(ProjectConfigurationPlatforms) = postSolution
		{6C539820-DB7E-4763-B95E-BBF994B2FE63}.Debug|Any CPU.ActiveCfg = Debug|Any CPU
		{6C539820-DB7E-4763-B95E-BBF994B2FE63}.Debug|Any CPU.Build.0 = Debug|Any CPU
		{6C539820-DB7E-4763-B95E-BBF994B2FE63}.Release|Any CPU.ActiveCfg = Release|Any CPU
		{6C539820-DB7E-4763-B95E-BBF994B2FE63}.Release|Any CPU.Build.0 = Release|Any CPU
		{82492E8D-B94F-4864-9062-3C91F875809D}.Debug|Any CPU.ActiveCfg = Debug|Any CPU
		{82492E8D-B94F-4864-9062-3C91F875809D}.Debug|Any CPU.Build.0 = Debug|Any CPU
		{82492E8D-B94F-4864-9062-3C91F875809D}.Release|Any CPU.ActiveCfg = Release|Any CPU
		{82492E8D-B94F-4864-9062-3C91F875809D}.Release|Any CPU.Build.0 = Release|Any CPU
		{2CB33F62-0E64-42E5-AB03-20303E80E151}.Debug|Any CPU.ActiveCfg = Debug|Any CPU
		{2CB33F62-0E64-42E5-AB03-20303E80E151}.Debug|Any CPU.Build.0 = Debug|Any CPU
		{2CB33F62-0E64-42E5-AB03-20303E80E151}.Release|Any CPU.ActiveCfg = Release|Any CPU
		{2CB33F62-0E64-42E5-AB03-20303E80E151}.Release|Any CPU.Build.0 = Release|Any CPU
		{591284CC-7E0B-422D-BCB7-7CF035A45745}.Debug|Any CPU.ActiveCfg = Debug|Any CPU
		{591284CC-7E0B-422D-BCB7-7CF035A45745}.Debug|Any CPU.Build.0 = Debug|Any CPU
		{591284CC-7E0B-422D-BCB7-7CF035A45745}.Release|Any CPU.ActiveCfg = Release|Any CPU
		{591284CC-7E0B-422D-BCB7-7CF035A45745}.Release|Any CPU.Build.0 = Release|Any CPU
		{E2429D9B-8E22-4F01-93AE-06CB958F7DD4}.Debug|Any CPU.ActiveCfg = Debug|Any CPU
		{E2429D9B-8E22-4F01-93AE-06CB958F7DD4}.Debug|Any CPU.Build.0 = Debug|Any CPU
		{E2429D9B-8E22-4F01-93AE-06CB958F7DD4}.Release|Any CPU.ActiveCfg = Release|Any CPU
		{E2429D9B-8E22-4F01-93AE-06CB958F7DD4}.Release|Any CPU.Build.0 = Release|Any CPU
		{58CC7697-B0EC-4C1C-B180-5F8EFF9AD31B}.Debug|Any CPU.ActiveCfg = Debug|Any CPU
		{58CC7697-B0EC-4C1C-B180-5F8EFF9AD31B}.Debug|Any CPU.Build.0 = Debug|Any CPU
		{58CC7697-B0EC-4C1C-B180-5F8EFF9AD31B}.Release|Any CPU.ActiveCfg = Release|Any CPU
		{58CC7697-B0EC-4C1C-B180-5F8EFF9AD31B}.Release|Any CPU.Build.0 = Release|Any CPU
	EndGlobalSection
	GlobalSection(SolutionProperties) = preSolution
		HideSolutionNode = FALSE
	EndGlobalSection
	GlobalSection(NestedProjects) = preSolution
		{6C539820-DB7E-4763-B95E-BBF994B2FE63} = {DD9BC4B0-2D54-42DE-80A7-6391E385C326}
		{82492E8D-B94F-4864-9062-3C91F875809D} = {DD9BC4B0-2D54-42DE-80A7-6391E385C326}
		{2CB33F62-0E64-42E5-AB03-20303E80E151} = {DD9BC4B0-2D54-42DE-80A7-6391E385C326}
		{591284CC-7E0B-422D-BCB7-7CF035A45745} = {DD9BC4B0-2D54-42DE-80A7-6391E385C326}
		{E2429D9B-8E22-4F01-93AE-06CB958F7DD4} = {949A517E-EB60-44F0-BECB-CF9CA3F06FD2}
		{58CC7697-B0EC-4C1C-B180-5F8EFF9AD31B} = {DD9BC4B0-2D54-42DE-80A7-6391E385C326}
	EndGlobalSection
	GlobalSection(ExtensibilityGlobals) = postSolution
		SolutionGuid = {80EDF8AF-6D4C-46A5-ACC6-45F2585DD842}
	EndGlobalSection
EndGlobal
